
Microsoft Visual Studio Solution File, Format Version 12.00
# Visual Studio Version 17
VisualStudioVersion = 17.4.33122.133
MinimumVisualStudioVersion = 10.0.40219.1
Project("{888888A0-9F3D-457C-B088-3A5042F75D52}") = "Sonastik", "Sonastik.pyproj", "{BBE32D45-7599-4012-8D9F-C54AF2909C79}"
EndProject
Global
	GlobalSection(SolutionConfigurationPlatforms) = preSolution
		Debug|Any CPU = Debug|Any CPU
		Release|Any CPU = Release|Any CPU
	EndGlobalSection
	GlobalSection(ProjectConfigurationPlatforms) = postSolution
		{BBE32D45-7599-4012-8D9F-C54AF2909C79}.Debug|Any CPU.ActiveCfg = Debug|Any CPU
		{BBE32D45-7599-4012-8D9F-C54AF2909C79}.Release|Any CPU.ActiveCfg = Release|Any CPU
	EndGlobalSection
	GlobalSection(SolutionProperties) = preSolution
		HideSolutionNode = FALSE
	EndGlobalSection
	GlobalSection(ExtensibilityGlobals) = postSolution
		SolutionGuid = {B8FB3FEA-0224-4278-B5AC-463F38D6319C}
	EndGlobalSection
EndGlobal
